
Microsoft Visual Studio Solution File, Format Version 12.00
# Visual Studio Version 17
VisualStudioVersion = 17.12.35707.178
MinimumVisualStudioVersion = 10.0.40219.1
Project("{FAE04EC0-301F-11D3-BF4B-00C04F79EFBC}") = "Task-03-02-2024", "Task-03-02-2024\Task-03-02-2024.csproj", "{BFA2F2A8-AE0D-4FE8-B3C6-DF7742B819D3}"
EndProject
Project("{FAE04EC0-301F-11D3-BF4B-00C04F79EFBC}") = "Exception Handling", "Exception Handling\Exception Handling.csproj", "{9E171762-9116-4B49-8D21-F895A3FE1172}"
EndProject
Global
	GlobalSection(SolutionConfigurationPlatforms) = preSolution
		Debug|Any CPU = Debug|Any CPU
		Release|Any CPU = Release|Any CPU
	EndGlobalSection
	GlobalSection(ProjectConfigurationPlatforms) = postSolution
		{BFA2F2A8-AE0D-4FE8-B3C6-DF7742B819D3}.Debug|Any CPU.ActiveCfg = Debug|Any CPU
		{BFA2F2A8-AE0D-4FE8-B3C6-DF7742B819D3}.Debug|Any CPU.Build.0 = Debug|Any CPU
		{BFA2F2A8-AE0D-4FE8-B3C6-DF7742B819D3}.Release|Any CPU.ActiveCfg = Release|Any CPU
		{BFA2F2A8-AE0D-4FE8-B3C6-DF7742B819D3}.Release|Any CPU.Build.0 = Release|Any CPU
		{9E171762-9116-4B49-8D21-F895A3FE1172}.Debug|Any CPU.ActiveCfg = Debug|Any CPU
		{9E171762-9116-4B49-8D21-F895A3FE1172}.Debug|Any CPU.Build.0 = Debug|Any CPU
		{9E171762-9116-4B49-8D21-F895A3FE1172}.Release|Any CPU.ActiveCfg = Release|Any CPU
		{9E171762-9116-4B49-8D21-F895A3FE1172}.Release|Any CPU.Build.0 = Release|Any CPU
	EndGlobalSection
	GlobalSection(SolutionProperties) = preSolution
		HideSolutionNode = FALSE
	EndGlobalSection
EndGlobal
